
Microsoft Visual Studio Solution File, Format Version 12.00
# Visual Studio Version 17
VisualStudioVersion = 17.5.2.0
MinimumVisualStudioVersion = 10.0.40219.1
Project("{2150E333-8FDC-42A3-9474-1A3956D46DE8}") = "src", "src", "{827E0CD3-B72D-47B6-A68D-7590B98EB39B}"
EndProject
Project("{FAE04EC0-301F-11D3-BF4B-00C04F79EFBC}") = "Winhance.Core", "src\Winhance.Core\Winhance.Core.csproj", "{435BD57D-C7D2-BB8F-1732-C2BD8A5319C7}"
EndProject
Project("{FAE04EC0-301F-11D3-BF4B-00C04F79EFBC}") = "Winhance.Infrastructure", "src\Winhance.Infrastructure\Winhance.Infrastructure.csproj", "{605AD60B-7A44-6C1B-E19E-C5593C889B64}"
EndProject
Project("{FAE04EC0-301F-11D3-BF4B-00C04F79EFBC}") = "Winhance.UI", "src\Winhance.UI\Winhance.UI.csproj", "{A1B2C3D4-E5F6-7890-ABCD-EF1234567890}"
EndProject
Project("{FAE04EC0-301F-11D3-BF4B-00C04F79EFBC}") = "WindowsPackageManager.Interop", "src\WindowsPackageManager.Interop\WindowsPackageManager.Interop.csproj", "{83E66269-737B-4ED1-95BB-AF5ED53C462A}"
EndProject
Project("{2150E333-8FDC-42A3-9474-1A3956D46DE8}") = "tests", "tests", "{0AB3BF05-4346-4AA6-1389-037BE0695223}"
EndProject
Project("{FAE04EC0-301F-11D3-BF4B-00C04F79EFBC}") = "Winhance.Core.Tests", "tests\Winhance.Core.Tests\Winhance.Core.Tests.csproj", "{12F410EE-B2E6-418E-B6DD-9A6225D7C5B5}"
EndProject
Project("{FAE04EC0-301F-11D3-BF4B-00C04F79EFBC}") = "Winhance.Infrastructure.Tests", "tests\Winhance.Infrastructure.Tests\Winhance.Infrastructure.Tests.csproj", "{A2EE92F5-68F4-4E2A-A158-3253FA66C40B}"
EndProject
Project("{FAE04EC0-301F-11D3-BF4B-00C04F79EFBC}") = "Winhance.UI.Tests", "tests\Winhance.UI.Tests\Winhance.UI.Tests.csproj", "{CEE9AFC0-5DE8-4BBE-860F-531F026DB505}"
EndProject
Project("{FAE04EC0-301F-11D3-BF4B-00C04F79EFBC}") = "Winhance.IntegrationTests", "tests\Winhance.IntegrationTests\Winhance.IntegrationTests.csproj", "{B1C2D3E4-F5A6-7890-BCDE-F12345678901}"
EndProject
Global
	GlobalSection(SolutionConfigurationPlatforms) = preSolution
		Debug|Any CPU = Debug|Any CPU
		Debug|x64 = Debug|x64
		Debug|x86 = Debug|x86
		Release|Any CPU = Release|Any CPU
		Release|x64 = Release|x64
		Release|x86 = Release|x86
	EndGlobalSection
	GlobalSection(ProjectConfigurationPlatforms) = postSolution
		{435BD57D-C7D2-BB8F-1732-C2BD8A5319C7}.Debug|Any CPU.ActiveCfg = Debug|Any CPU
		{435BD57D-C7D2-BB8F-1732-C2BD8A5319C7}.Debug|Any CPU.Build.0 = Debug|Any CPU
		{435BD57D-C7D2-BB8F-1732-C2BD8A5319C7}.Debug|x64.ActiveCfg = Debug|Any CPU
		{435BD57D-C7D2-BB8F-1732-C2BD8A5319C7}.Debug|x64.Build.0 = Debug|Any CPU
		{435BD57D-C7D2-BB8F-1732-C2BD8A5319C7}.Debug|x86.ActiveCfg = Debug|Any CPU
		{435BD57D-C7D2-BB8F-1732-C2BD8A5319C7}.Debug|x86.Build.0 = Debug|Any CPU
		{435BD57D-C7D2-BB8F-1732-C2BD8A5319C7}.Release|Any CPU.ActiveCfg = Release|Any CPU
		{435BD57D-C7D2-BB8F-1732-C2BD8A5319C7}.Release|Any CPU.Build.0 = Release|Any CPU
		{435BD57D-C7D2-BB8F-1732-C2BD8A5319C7}.Release|x64.ActiveCfg = Release|Any CPU
		{435BD57D-C7D2-BB8F-1732-C2BD8A5319C7}.Release|x64.Build.0 = Release|Any CPU
		{435BD57D-C7D2-BB8F-1732-C2BD8A5319C7}.Release|x86.ActiveCfg = Release|Any CPU
		{435BD57D-C7D2-BB8F-1732-C2BD8A5319C7}.Release|x86.Build.0 = Release|Any CPU
		{605AD60B-7A44-6C1B-E19E-C5593C889B64}.Debug|Any CPU.ActiveCfg = Debug|Any CPU
		{605AD60B-7A44-6C1B-E19E-C5593C889B64}.Debug|Any CPU.Build.0 = Debug|Any CPU
		{605AD60B-7A44-6C1B-E19E-C5593C889B64}.Debug|x64.ActiveCfg = Debug|Any CPU
		{605AD60B-7A44-6C1B-E19E-C5593C889B64}.Debug|x64.Build.0 = Debug|Any CPU
		{605AD60B-7A44-6C1B-E19E-C5593C889B64}.Debug|x86.ActiveCfg = Debug|Any CPU
		{605AD60B-7A44-6C1B-E19E-C5593C889B64}.Debug|x86.Build.0 = Debug|Any CPU
		{605AD60B-7A44-6C1B-E19E-C5593C889B64}.Release|Any CPU.ActiveCfg = Release|Any CPU
		{605AD60B-7A44-6C1B-E19E-C5593C889B64}.Release|Any CPU.Build.0 = Release|Any CPU
		{605AD60B-7A44-6C1B-E19E-C5593C889B64}.Release|x64.ActiveCfg = Release|Any CPU
		{605AD60B-7A44-6C1B-E19E-C5593C889B64}.Release|x64.Build.0 = Release|Any CPU
		{605AD60B-7A44-6C1B-E19E-C5593C889B64}.Release|x86.ActiveCfg = Release|Any CPU
		{605AD60B-7A44-6C1B-E19E-C5593C889B64}.Release|x86.Build.0 = Release|Any CPU
		{A1B2C3D4-E5F6-7890-ABCD-EF1234567890}.Debug|Any CPU.ActiveCfg = Debug|x64
		{A1B2C3D4-E5F6-7890-ABCD-EF1234567890}.Debug|Any CPU.Build.0 = Debug|x64
		{A1B2C3D4-E5F6-7890-ABCD-EF1234567890}.Debug|x64.ActiveCfg = Debug|x64
		{A1B2C3D4-E5F6-7890-ABCD-EF1234567890}.Debug|x64.Build.0 = Debug|x64
		{A1B2C3D4-E5F6-7890-ABCD-EF1234567890}.Debug|x86.ActiveCfg = Debug|Any CPU
		{A1B2C3D4-E5F6-7890-ABCD-EF1234567890}.Debug|x86.Build.0 = Debug|Any CPU
		{A1B2C3D4-E5F6-7890-ABCD-EF1234567890}.Release|Any CPU.ActiveCfg = Release|x64
		{A1B2C3D4-E5F6-7890-ABCD-EF1234567890}.Release|Any CPU.Build.0 = Release|x64
		{A1B2C3D4-E5F6-7890-ABCD-EF1234567890}.Release|x64.ActiveCfg = Release|x64
		{A1B2C3D4-E5F6-7890-ABCD-EF1234567890}.Release|x64.Build.0 = Release|x64
		{A1B2C3D4-E5F6-7890-ABCD-EF1234567890}.Release|x86.ActiveCfg = Release|Any CPU
		{A1B2C3D4-E5F6-7890-ABCD-EF1234567890}.Release|x86.Build.0 = Release|Any CPU
		{83E66269-737B-4ED1-95BB-AF5ED53C462A}.Debug|Any CPU.ActiveCfg = Debug|Any CPU
		{83E66269-737B-4ED1-95BB-AF5ED53C462A}.Debug|Any CPU.Build.0 = Debug|Any CPU
		{83E66269-737B-4ED1-95BB-AF5ED53C462A}.Debug|x64.ActiveCfg = Debug|Any CPU
		{83E66269-737B-4ED1-95BB-AF5ED53C462A}.Debug|x64.Build.0 = Debug|Any CPU
		{83E66269-737B-4ED1-95BB-AF5ED53C462A}.Debug|x86.ActiveCfg = Debug|Any CPU
		{83E66269-737B-4ED1-95BB-AF5ED53C462A}.Debug|x86.Build.0 = Debug|Any CPU
		{83E66269-737B-4ED1-95BB-AF5ED53C462A}.Release|Any CPU.ActiveCfg = Release|Any CPU
		{83E66269-737B-4ED1-95BB-AF5ED53C462A}.Release|Any CPU.Build.0 = Release|Any CPU
		{83E66269-737B-4ED1-95BB-AF5ED53C462A}.Release|x64.ActiveCfg = Release|Any CPU
		{83E66269-737B-4ED1-95BB-AF5ED53C462A}.Release|x64.Build.0 = Release|Any CPU
		{83E66269-737B-4ED1-95BB-AF5ED53C462A}.Release|x86.ActiveCfg = Release|Any CPU
		{83E66269-737B-4ED1-95BB-AF5ED53C462A}.Release|x86.Build.0 = Release|Any CPU
		{12F410EE-B2E6-418E-B6DD-9A6225D7C5B5}.Debug|Any CPU.ActiveCfg = Debug|Any CPU
		{12F410EE-B2E6-418E-B6DD-9A6225D7C5B5}.Debug|Any CPU.Build.0 = Debug|Any CPU
		{12F410EE-B2E6-418E-B6DD-9A6225D7C5B5}.Debug|x64.ActiveCfg = Debug|Any CPU
		{12F410EE-B2E6-418E-B6DD-9A6225D7C5B5}.Debug|x64.Build.0 = Debug|Any CPU
		{12F410EE-B2E6-418E-B6DD-9A6225D7C5B5}.Debug|x86.ActiveCfg = Debug|Any CPU
		{12F410EE-B2E6-418E-B6DD-9A6225D7C5B5}.Debug|x86.Build.0 = Debug|Any CPU
		{12F410EE-B2E6-418E-B6DD-9A6225D7C5B5}.Release|Any CPU.ActiveCfg = Release|Any CPU
		{12F410EE-B2E6-418E-B6DD-9A6225D7C5B5}.Release|Any CPU.Build.0 = Release|Any CPU
		{12F410EE-B2E6-418E-B6DD-9A6225D7C5B5}.Release|x64.ActiveCfg = Release|Any CPU
		{12F410EE-B2E6-418E-B6DD-9A6225D7C5B5}.Release|x64.Build.0 = Release|Any CPU
		{12F410EE-B2E6-418E-B6DD-9A6225D7C5B5}.Release|x86.ActiveCfg = Release|Any CPU
		{12F410EE-B2E6-418E-B6DD-9A6225D7C5B5}.Release|x86.Build.0 = Release|Any CPU
		{A2EE92F5-68F4-4E2A-A158-3253FA66C40B}.Debug|Any CPU.ActiveCfg = Debug|Any CPU
		{A2EE92F5-68F4-4E2A-A158-3253FA66C40B}.Debug|Any CPU.Build.0 = Debug|Any CPU
		{A2EE92F5-68F4-4E2A-A158-3253FA66C40B}.Debug|x64.ActiveCfg = Debug|Any CPU
		{A2EE92F5-68F4-4E2A-A158-3253FA66C40B}.Debug|x64.Build.0 = Debug|Any CPU
		{A2EE92F5-68F4-4E2A-A158-3253FA66C40B}.Debug|x86.ActiveCfg = Debug|Any CPU
		{A2EE92F5-68F4-4E2A-A158-3253FA66C40B}.Debug|x86.Build.0 = Debug|Any CPU
		{A2EE92F5-68F4-4E2A-A158-3253FA66C40B}.Release|Any CPU.ActiveCfg = Release|Any CPU
		{A2EE92F5-68F4-4E2A-A158-3253FA66C40B}.Release|Any CPU.Build.0 = Release|Any CPU
		{A2EE92F5-68F4-4E2A-A158-3253FA66C40B}.Release|x64.ActiveCfg = Release|Any CPU
		{A2EE92F5-68F4-4E2A-A158-3253FA66C40B}.Release|x64.Build.0 = Release|Any CPU
		{A2EE92F5-68F4-4E2A-A158-3253FA66C40B}.Release|x86.ActiveCfg = Release|Any CPU
		{A2EE92F5-68F4-4E2A-A158-3253FA66C40B}.Release|x86.Build.0 = Release|Any CPU
		{CEE9AFC0-5DE8-4BBE-860F-531F026DB505}.Debug|Any CPU.ActiveCfg = Debug|x64
		{CEE9AFC0-5DE8-4BBE-860F-531F026DB505}.Debug|Any CPU.Build.0 = Debug|x64
		{CEE9AFC0-5DE8-4BBE-860F-531F026DB505}.Debug|x64.ActiveCfg = Debug|x64
		{CEE9AFC0-5DE8-4BBE-860F-531F026DB505}.Debug|x64.Build.0 = Debug|x64
		{CEE9AFC0-5DE8-4BBE-860F-531F026DB505}.Debug|x86.ActiveCfg = Debug|x64
		{CEE9AFC0-5DE8-4BBE-860F-531F026DB505}.Debug|x86.Build.0 = Debug|x64
		{CEE9AFC0-5DE8-4BBE-860F-531F026DB505}.Release|Any CPU.ActiveCfg = Release|x64
		{CEE9AFC0-5DE8-4BBE-860F-531F026DB505}.Release|Any CPU.Build.0 = Release|x64
		{CEE9AFC0-5DE8-4BBE-860F-531F026DB505}.Release|x64.ActiveCfg = Release|x64
		{CEE9AFC0-5DE8-4BBE-860F-531F026DB505}.Release|x64.Build.0 = Release|x64
		{CEE9AFC0-5DE8-4BBE-860F-531F026DB505}.Release|x86.ActiveCfg = Release|x64
		{CEE9AFC0-5DE8-4BBE-860F-531F026DB505}.Release|x86.Build.0 = Release|x64
		{B1C2D3E4-F5A6-7890-BCDE-F12345678901}.Debug|Any CPU.ActiveCfg = Debug|Any CPU
		{B1C2D3E4-F5A6-7890-BCDE-F12345678901}.Debug|Any CPU.Build.0 = Debug|Any CPU
		{B1C2D3E4-F5A6-7890-BCDE-F12345678901}.Debug|x64.ActiveCfg = Debug|Any CPU
		{B1C2D3E4-F5A6-7890-BCDE-F12345678901}.Debug|x64.Build.0 = Debug|Any CPU
		{B1C2D3E4-F5A6-7890-BCDE-F12345678901}.Debug|x86.ActiveCfg = Debug|Any CPU
		{B1C2D3E4-F5A6-7890-BCDE-F12345678901}.Debug|x86.Build.0 = Debug|Any CPU
		{B1C2D3E4-F5A6-7890-BCDE-F12345678901}.Release|Any CPU.ActiveCfg = Release|Any CPU
		{B1C2D3E4-F5A6-7890-BCDE-F12345678901}.Release|Any CPU.Build.0 = Release|Any CPU
		{B1C2D3E4-F5A6-7890-BCDE-F12345678901}.Release|x64.ActiveCfg = Release|Any CPU
		{B1C2D3E4-F5A6-7890-BCDE-F12345678901}.Release|x64.Build.0 = Release|Any CPU
		{B1C2D3E4-F5A6-7890-BCDE-F12345678901}.Release|x86.ActiveCfg = Release|Any CPU
		{B1C2D3E4-F5A6-7890-BCDE-F12345678901}.Release|x86.Build.0 = Release|Any CPU
	EndGlobalSection
	GlobalSection(SolutionProperties) = preSolution
		HideSolutionNode = FALSE
	EndGlobalSection
	GlobalSection(NestedProjects) = preSolution
		{435BD57D-C7D2-BB8F-1732-C2BD8A5319C7} = {827E0CD3-B72D-47B6-A68D-7590B98EB39B}
		{605AD60B-7A44-6C1B-E19E-C5593C889B64} = {827E0CD3-B72D-47B6-A68D-7590B98EB39B}
		{A1B2C3D4-E5F6-7890-ABCD-EF1234567890} = {827E0CD3-B72D-47B6-A68D-7590B98EB39B}
		{83E66269-737B-4ED1-95BB-AF5ED53C462A} = {827E0CD3-B72D-47B6-A68D-7590B98EB39B}
		{12F410EE-B2E6-418E-B6DD-9A6225D7C5B5} = {0AB3BF05-4346-4AA6-1389-037BE0695223}
		{A2EE92F5-68F4-4E2A-A158-3253FA66C40B} = {0AB3BF05-4346-4AA6-1389-037BE0695223}
		{CEE9AFC0-5DE8-4BBE-860F-531F026DB505} = {0AB3BF05-4346-4AA6-1389-037BE0695223}
		{B1C2D3E4-F5A6-7890-BCDE-F12345678901} = {0AB3BF05-4346-4AA6-1389-037BE0695223}
	EndGlobalSection
	GlobalSection(ExtensibilityGlobals) = postSolution
		SolutionGuid = {3ADFA064-2AE8-4C1F-AAC1-8C1CD523119C}
	EndGlobalSection
EndGlobal
